
Microsoft Visual Studio Solution File, Format Version 12.00
# Visual Studio Version 17
VisualStudioVersion = 17.8.34330.188
MinimumVisualStudioVersion = 10.0.40219.1
Project("{FAE04EC0-301F-11D3-BF4B-00C04F79EFBC}") = "Ages The Game", "Ages The Game\Ages The Game.csproj", "{E26E253C-C935-45A9-AF79-FFA977601871}"
EndProject
Global
	GlobalSection(SolutionConfigurationPlatforms) = preSolution
		Debug|Any CPU = Debug|Any CPU
		Release|Any CPU = Release|Any CPU
	EndGlobalSection
	GlobalSection(ProjectConfigurationPlatforms) = postSolution
		{E26E253C-C935-45A9-AF79-FFA977601871}.Debug|Any CPU.ActiveCfg = Debug|Any CPU
		{E26E253C-C935-45A9-AF79-FFA977601871}.Debug|Any CPU.Build.0 = Debug|Any CPU
		{E26E253C-C935-45A9-AF79-FFA977601871}.Release|Any CPU.ActiveCfg = Release|Any CPU
		{E26E253C-C935-45A9-AF79-FFA977601871}.Release|Any CPU.Build.0 = Release|Any CPU
	EndGlobalSection
	GlobalSection(SolutionProperties) = preSolution
		HideSolutionNode = FALSE
	EndGlobalSection
	GlobalSection(ExtensibilityGlobals) = postSolution
		SolutionGuid = {0D65AD18-3427-47E4-86F9-8D5D88E2205B}
	EndGlobalSection
EndGlobal
